
Microsoft Visual Studio Solution File, Format Version 12.00
# Visual Studio Version 16
VisualStudioVersion = 16.0.30128.74
MinimumVisualStudioVersion = 10.0.40219.1
Project("{9A19103F-16F7-4668-BE54-9A1E7A4F7556}") = "Application", "Src\Application\Application.csproj", "{3B7DF1AE-0CB2-4343-8696-238AF645F8AF}"
EndProject
Project("{2150E333-8FDC-42A3-9474-1A3956D46DE8}") = "Core", "Core", "{312F2A99-4B56-464F-9FFF-43BE48BA0B58}"
EndProject
Project("{9A19103F-16F7-4668-BE54-9A1E7A4F7556}") = "Application.UnitTests", "Tests\Application.UnitTests\Application.UnitTests.csproj", "{529CF879-C4C7-45E7-B438-195AF5E94D58}"
EndProject
Project("{9A19103F-16F7-4668-BE54-9A1E7A4F7556}") = "Api.IntegrationTests", "Tests\Api.IntegrationTests\Api.IntegrationTests.csproj", "{76B80FF1-B41F-4C18-8861-9B99EA821AD3}"
EndProject
Project("{9A19103F-16F7-4668-BE54-9A1E7A4F7556}") = "Persistence.IntegrationTests", "Tests\Persistence.IntegrationTests\Persistence.IntegrationTests.csproj", "{5CDC32AF-841E-4E53-8FA0-7C16373DCD4D}"
EndProject
Project("{2150E333-8FDC-42A3-9474-1A3956D46DE8}") = "Docs", "Docs", "{8745670B-BDC3-4870-8A64-BFFBD9A9219C}"
	ProjectSection(SolutionItems) = preProject
		STATUS.md = STATUS.md
	EndProjectSection
EndProject
Project("{9A19103F-16F7-4668-BE54-9A1E7A4F7556}") = "Api", "Src\WebApi\Api.csproj", "{A68D7088-3C13-4600-9D66-E2214F36F23C}"
EndProject
Project("{9A19103F-16F7-4668-BE54-9A1E7A4F7556}") = "Common", "Src\Common\Common.csproj", "{A2E19451-C2A1-4728-8C04-6596F30CF1CE}"
EndProject
Project("{9A19103F-16F7-4668-BE54-9A1E7A4F7556}") = "Domain", "Src\Domain\Domain.csproj", "{C18AD432-80B1-4B54-8A8C-80A1CC04F658}"
EndProject
Project("{9A19103F-16F7-4668-BE54-9A1E7A4F7556}") = "Infrastructure", "Src\Infra\Infrastructure.csproj", "{D2EF7C28-B372-4DBF-919C-C83173EFEA39}"
EndProject
Project("{9A19103F-16F7-4668-BE54-9A1E7A4F7556}") = "Persistence", "Src\Persistence\Persistence.csproj", "{0B7B34EB-CF9A-41E9-A1F8-4D1D3F20B8DF}"
EndProject
Project("{2150E333-8FDC-42A3-9474-1A3956D46DE8}") = "Presentation", "Presentation", "{893BA866-6FB3-4DE7-A7B1-1283B4C13039}"
EndProject
Project("{2150E333-8FDC-42A3-9474-1A3956D46DE8}") = "System", "System", "{7C98C5AD-BF60-41E8-963D-B5458A4A3D8F}"
EndProject
Project("{2150E333-8FDC-42A3-9474-1A3956D46DE8}") = "Tests", "Tests", "{D85566DF-A282-4E80-9428-B1E2F488466B}"
EndProject
Project("{2150E333-8FDC-42A3-9474-1A3956D46DE8}") = "Src", "Src", "{95B21F85-1800-4E3A-B100-3EEA6D3B9343}"
EndProject
Global
	GlobalSection(SolutionConfigurationPlatforms) = preSolution
		Debug|Any CPU = Debug|Any CPU
		Release|Any CPU = Release|Any CPU
	EndGlobalSection
	GlobalSection(ProjectConfigurationPlatforms) = postSolution
		{3B7DF1AE-0CB2-4343-8696-238AF645F8AF}.Debug|Any CPU.ActiveCfg = Debug|Any CPU
		{3B7DF1AE-0CB2-4343-8696-238AF645F8AF}.Debug|Any CPU.Build.0 = Debug|Any CPU
		{3B7DF1AE-0CB2-4343-8696-238AF645F8AF}.Release|Any CPU.ActiveCfg = Release|Any CPU
		{3B7DF1AE-0CB2-4343-8696-238AF645F8AF}.Release|Any CPU.Build.0 = Release|Any CPU
		{529CF879-C4C7-45E7-B438-195AF5E94D58}.Debug|Any CPU.ActiveCfg = Debug|Any CPU
		{529CF879-C4C7-45E7-B438-195AF5E94D58}.Debug|Any CPU.Build.0 = Debug|Any CPU
		{529CF879-C4C7-45E7-B438-195AF5E94D58}.Release|Any CPU.ActiveCfg = Release|Any CPU
		{529CF879-C4C7-45E7-B438-195AF5E94D58}.Release|Any CPU.Build.0 = Release|Any CPU
		{76B80FF1-B41F-4C18-8861-9B99EA821AD3}.Debug|Any CPU.ActiveCfg = Debug|Any CPU
		{76B80FF1-B41F-4C18-8861-9B99EA821AD3}.Debug|Any CPU.Build.0 = Debug|Any CPU
		{76B80FF1-B41F-4C18-8861-9B99EA821AD3}.Release|Any CPU.ActiveCfg = Release|Any CPU
		{76B80FF1-B41F-4C18-8861-9B99EA821AD3}.Release|Any CPU.Build.0 = Release|Any CPU
		{5CDC32AF-841E-4E53-8FA0-7C16373DCD4D}.Debug|Any CPU.ActiveCfg = Debug|Any CPU
		{5CDC32AF-841E-4E53-8FA0-7C16373DCD4D}.Debug|Any CPU.Build.0 = Debug|Any CPU
		{5CDC32AF-841E-4E53-8FA0-7C16373DCD4D}.Release|Any CPU.ActiveCfg = Release|Any CPU
		{5CDC32AF-841E-4E53-8FA0-7C16373DCD4D}.Release|Any CPU.Build.0 = Release|Any CPU
		{A68D7088-3C13-4600-9D66-E2214F36F23C}.Debug|Any CPU.ActiveCfg = Debug|Any CPU
		{A68D7088-3C13-4600-9D66-E2214F36F23C}.Debug|Any CPU.Build.0 = Debug|Any CPU
		{A68D7088-3C13-4600-9D66-E2214F36F23C}.Release|Any CPU.ActiveCfg = Release|Any CPU
		{A68D7088-3C13-4600-9D66-E2214F36F23C}.Release|Any CPU.Build.0 = Release|Any CPU
		{A2E19451-C2A1-4728-8C04-6596F30CF1CE}.Debug|Any CPU.ActiveCfg = Debug|Any CPU
		{A2E19451-C2A1-4728-8C04-6596F30CF1CE}.Debug|Any CPU.Build.0 = Debug|Any CPU
		{A2E19451-C2A1-4728-8C04-6596F30CF1CE}.Release|Any CPU.ActiveCfg = Release|Any CPU
		{A2E19451-C2A1-4728-8C04-6596F30CF1CE}.Release|Any CPU.Build.0 = Release|Any CPU
		{C18AD432-80B1-4B54-8A8C-80A1CC04F658}.Debug|Any CPU.ActiveCfg = Debug|Any CPU
		{C18AD432-80B1-4B54-8A8C-80A1CC04F658}.Debug|Any CPU.Build.0 = Debug|Any CPU
		{C18AD432-80B1-4B54-8A8C-80A1CC04F658}.Release|Any CPU.ActiveCfg = Release|Any CPU
		{C18AD432-80B1-4B54-8A8C-80A1CC04F658}.Release|Any CPU.Build.0 = Release|Any CPU
		{D2EF7C28-B372-4DBF-919C-C83173EFEA39}.Debug|Any CPU.ActiveCfg = Debug|Any CPU
		{D2EF7C28-B372-4DBF-919C-C83173EFEA39}.Debug|Any CPU.Build.0 = Debug|Any CPU
		{D2EF7C28-B372-4DBF-919C-C83173EFEA39}.Release|Any CPU.ActiveCfg = Release|Any CPU
		{D2EF7C28-B372-4DBF-919C-C83173EFEA39}.Release|Any CPU.Build.0 = Release|Any CPU
		{0B7B34EB-CF9A-41E9-A1F8-4D1D3F20B8DF}.Debug|Any CPU.ActiveCfg = Debug|Any CPU
		{0B7B34EB-CF9A-41E9-A1F8-4D1D3F20B8DF}.Debug|Any CPU.Build.0 = Debug|Any CPU
		{0B7B34EB-CF9A-41E9-A1F8-4D1D3F20B8DF}.Release|Any CPU.ActiveCfg = Release|Any CPU
		{0B7B34EB-CF9A-41E9-A1F8-4D1D3F20B8DF}.Release|Any CPU.Build.0 = Release|Any CPU
	EndGlobalSection
	GlobalSection(SolutionProperties) = preSolution
		HideSolutionNode = FALSE
	EndGlobalSection
	GlobalSection(NestedProjects) = preSolution
		{3B7DF1AE-0CB2-4343-8696-238AF645F8AF} = {312F2A99-4B56-464F-9FFF-43BE48BA0B58}
		{312F2A99-4B56-464F-9FFF-43BE48BA0B58} = {95B21F85-1800-4E3A-B100-3EEA6D3B9343}
		{529CF879-C4C7-45E7-B438-195AF5E94D58} = {D85566DF-A282-4E80-9428-B1E2F488466B}
		{76B80FF1-B41F-4C18-8861-9B99EA821AD3} = {D85566DF-A282-4E80-9428-B1E2F488466B}
		{5CDC32AF-841E-4E53-8FA0-7C16373DCD4D} = {D85566DF-A282-4E80-9428-B1E2F488466B}
		{A68D7088-3C13-4600-9D66-E2214F36F23C} = {893BA866-6FB3-4DE7-A7B1-1283B4C13039}
		{A2E19451-C2A1-4728-8C04-6596F30CF1CE} = {312F2A99-4B56-464F-9FFF-43BE48BA0B58}
		{C18AD432-80B1-4B54-8A8C-80A1CC04F658} = {312F2A99-4B56-464F-9FFF-43BE48BA0B58}
		{D2EF7C28-B372-4DBF-919C-C83173EFEA39} = {7C98C5AD-BF60-41E8-963D-B5458A4A3D8F}
		{0B7B34EB-CF9A-41E9-A1F8-4D1D3F20B8DF} = {7C98C5AD-BF60-41E8-963D-B5458A4A3D8F}
		{893BA866-6FB3-4DE7-A7B1-1283B4C13039} = {95B21F85-1800-4E3A-B100-3EEA6D3B9343}
		{7C98C5AD-BF60-41E8-963D-B5458A4A3D8F} = {95B21F85-1800-4E3A-B100-3EEA6D3B9343}
	EndGlobalSection
	GlobalSection(ExtensibilityGlobals) = postSolution
		SolutionGuid = {B4A8F1A7-AA0E-4716-901D-DE6D20F914A5}
	EndGlobalSection
EndGlobal
